
Microsoft Visual Studio Solution File, Format Version 11.00
# Visual C# Express 2010
Project("{FAE04EC0-301F-11D3-BF4B-00C04F79EFBC}") = "calculadora de binarios", "calculadora de binarios\calculadora de binarios.csproj", "{B73A9679-1C9F-4887-9B05-A058311FAEFD}"
EndProject
Global
	GlobalSection(SolutionConfigurationPlatforms) = preSolution
		Debug|x86 = Debug|x86
		Release|x86 = Release|x86
	EndGlobalSection
	GlobalSection(ProjectConfigurationPlatforms) = postSolution
		{B73A9679-1C9F-4887-9B05-A058311FAEFD}.Debug|x86.ActiveCfg = Debug|x86
		{B73A9679-1C9F-4887-9B05-A058311FAEFD}.Debug|x86.Build.0 = Debug|x86
		{B73A9679-1C9F-4887-9B05-A058311FAEFD}.Release|x86.ActiveCfg = Release|x86
		{B73A9679-1C9F-4887-9B05-A058311FAEFD}.Release|x86.Build.0 = Release|x86
	EndGlobalSection
	GlobalSection(SolutionProperties) = preSolution
		HideSolutionNode = FALSE
	EndGlobalSection
EndGlobal
